{
    "_readme": [
        "This file locks the dependencies of your project to a known state",
        "Read more about it at https://getcomposer.org/doc/01-basic-usage.md#installing-dependencies",
        "This file is @generated automatically"
    ],
    "content-hash": "0661562958d119919d7fee8246de8c0c",
    "packages": [
        {
            "name": "hidehalo/nanoid-php",
            "version": "1.1.8",
            "source": {
                "type": "git",
                "url": "https://github.com/hidehalo/nanoid-php.git",
                "reference": "14187ab7a5affa34078b6a54df94176bb7a21227"
            },
            "dist": {
                "type": "zip",
                "url": "https://api.github.com/repos/hidehalo/nanoid-php/zipball/14187ab7a5affa34078b6a54df94176bb7a21227",
                "reference": "14187ab7a5affa34078b6a54df94176bb7a21227",
                "shasum": ""
            },
            "require": {
                "paragonie/random_compat": ">=2.0",
                "php": "~5.6|~7.0|~8.0"
            },
            "require-dev": {
                "phpunit/phpunit": ">=5.6",
                "squizlabs/php_codesniffer": "^2.3"
            },
            "type": "library",
            "extra": {
                "branch-alias": {
                    "dev-master": "1.0-dev"
                }
            },
            "autoload": {
                "psr-4": {
                    "Hidehalo\\Nanoid\\": "src"
                }
            },
            "notification-url": "https://packagist.org/downloads/",
            "license": [
                "MIT"
            ],
            "authors": [
                {
                    "name": "hidehalo",
                    "email": "tianchen_cc@yeah.net",
                    "homepage": "https://github.com/hidehalo",
                    "role": "Owner"
                }
            ],
            "description": "A copy of nanoid in PHP",
            "homepage": "https://github.com/hidehalo/nanoid-php",
            "keywords": [
                "hidehalo",
                "nanoid-php"
            ],
            "support": {
                "issues": "https://github.com/hidehalo/nanoid-php/issues",
                "source": "https://github.com/hidehalo/nanoid-php/tree/1.1.8"
            },
            "time": "2020-12-11T09:24:45+00:00"
        },
        {
            "name": "irfa/php-sn-generator",
            "version": "v1.1",
            "source": {
                "type": "git",
                "url": "https://github.com/irfaardy/php-sn-generator.git",
                "reference": "0f9fa09779d4be21e924950d3b42bd479b67add2"
            },
            "dist": {
                "type": "zip",
                "url": "https://api.github.com/repos/irfaardy/php-sn-generator/zipball/0f9fa09779d4be21e924950d3b42bd479b67add2",
                "reference": "0f9fa09779d4be21e924950d3b42bd479b67add2",
                "shasum": ""
            },
            "require": {
                "ext-json": "*",
                "hidehalo/nanoid-php": "1.1.8",
                "php": "~5.6|~7.0|~8.0"
            },
            "type": "package",
            "autoload": {
                "psr-4": {
                    "Irfa\\SerialNumber\\": "src/"
                }
            },
            "notification-url": "https://packagist.org/downloads/",
            "license": [
                "MIT"
            ],
            "authors": [
                {
                    "name": "Irfa A",
                    "email": "irfa.backend@protonmail.com",
                    "homepage": "https://github.com/irfaardy"
                }
            ],
            "description": "\"Serial number generator for web aplication\"",
            "homepage": "https://github.com/irfaardy/php-sn-generator",
            "keywords": [
                "decrypt",
                "laravel",
                "randomized",
                "secure",
                "security",
                "serial number",
                "serial number generator",
                "upload file"
            ],
            "support": {
                "issues": "https://github.com/irfaardy/php-sn-generator/issues",
                "source": "https://github.com/irfaardy/php-sn-generator/tree/v1.1"
            },
            "funding": [
                {
                    "url": "https://buymeacoff.ee/irfaardy",
                    "type": "custom"
                },
                {
                    "url": "https://ko-fi.com/irfaardy",
                    "type": "ko_fi"
                },
                {
                    "url": "https://www.patreon.com/irfa",
                    "type": "patreon"
                }
            ],
            "time": "2020-12-19T08:56:36+00:00"
        },
        {
            "name": "paragonie/random_compat",
            "version": "v9.99.100",
            "source": {
                "type": "git",
                "url": "https://github.com/paragonie/random_compat.git",
                "reference": "996434e5492cb4c3edcb9168db6fbb1359ef965a"
            },
            "dist": {
                "type": "zip",
                "url": "https://api.github.com/repos/paragonie/random_compat/zipball/996434e5492cb4c3edcb9168db6fbb1359ef965a",
                "reference": "996434e5492cb4c3edcb9168db6fbb1359ef965a",
                "shasum": ""
            },
            "require": {
                "php": ">= 7"
            },
            "require-dev": {
                "phpunit/phpunit": "4.*|5.*",
                "vimeo/psalm": "^1"
            },
            "suggest": {
                "ext-libsodium": "Provides a modern crypto API that can be used to generate random bytes."
            },
            "type": "library",
            "notification-url": "https://packagist.org/downloads/",
            "license": [
                "MIT"
            ],
            "authors": [
                {
                    "name": "Paragon Initiative Enterprises",
                    "email": "security@paragonie.com",
                    "homepage": "https://paragonie.com"
                }
            ],
            "description": "PHP 5.x polyfill for random_bytes() and random_int() from PHP 7",
            "keywords": [
                "csprng",
                "polyfill",
                "pseudorandom",
                "random"
            ],
            "support": {
                "email": "info@paragonie.com",
                "issues": "https://github.com/paragonie/random_compat/issues",
                "source": "https://github.com/paragonie/random_compat"
            },
            "time": "2020-10-15T08:29:30+00:00"
        }
    ],
    "packages-dev": [],
    "aliases": [],
    "minimum-stability": "stable",
    "stability-flags": [],
    "prefer-stable": false,
    "prefer-lowest": false,
    "platform": [],
    "platform-dev": [],
    "plugin-api-version": "2.0.0"
}
